// !$*UTF8*$!
{
	archiveVersion = 1;
	classes = {
	};
	objectVersion = 56;
	objects = {

/* Begin PBXBuildFile section */
		24828FF19B4C465DEB795D30 /* Pods_Top250Movies.framework in Frameworks */ = {isa = PBXBuildFile; fileRef = CDC00BA13FC01DCC51A6792E /* Pods_Top250Movies.framework */; };
		BA0C30EF1112EEAC67FD74FC /* Pods_Top250MoviesTests.framework in Frameworks */ = {isa = PBXBuildFile; fileRef = 337285513FCD3E3D4DBEDC44 /* Pods_Top250MoviesTests.framework */; };
		C6396D012A3866650024F9F3 /* AppDelegate.swift in Sources */ = {isa = PBXBuildFile; fileRef = C6396D002A3866650024F9F3 /* AppDelegate.swift */; };
		C6396D032A3866650024F9F3 /* SceneDelegate.swift in Sources */ = {isa = PBXBuildFile; fileRef = C6396D022A3866650024F9F3 /* SceneDelegate.swift */; };
		C6396D0A2A3866670024F9F3 /* Assets.xcassets in Resources */ = {isa = PBXBuildFile; fileRef = C6396D092A3866670024F9F3 /* Assets.xcassets */; };
		C6396D0D2A3866670024F9F3 /* LaunchScreen.storyboard in Resources */ = {isa = PBXBuildFile; fileRef = C6396D0B2A3866670024F9F3 /* LaunchScreen.storyboard */; };
		C6396D182A3866670024F9F3 /* LocalDBManagerTests.swift in Sources */ = {isa = PBXBuildFile; fileRef = C6396D172A3866670024F9F3 /* LocalDBManagerTests.swift */; };
		C6396D222A3866670024F9F3 /* Top250MoviesUITests.swift in Sources */ = {isa = PBXBuildFile; fileRef = C6396D212A3866670024F9F3 /* Top250MoviesUITests.swift */; };
		C6396D242A3866670024F9F3 /* Top250MoviesUITestsLaunchTests.swift in Sources */ = {isa = PBXBuildFile; fileRef = C6396D232A3866670024F9F3 /* Top250MoviesUITestsLaunchTests.swift */; };
		C6396D3A2A3894C60024F9F3 /* MovieItemForLocal.swift in Sources */ = {isa = PBXBuildFile; fileRef = C6396D392A3894C60024F9F3 /* MovieItemForLocal.swift */; };
		C6396D412A38AFBA0024F9F3 /* LocalDBManager.swift in Sources */ = {isa = PBXBuildFile; fileRef = C6396D402A38AFBA0024F9F3 /* LocalDBManager.swift */; };
		C6649A5C2A38FF2C00D068F7 /* MovieListViewController.swift in Sources */ = {isa = PBXBuildFile; fileRef = C6649A5B2A38FF2C00D068F7 /* MovieListViewController.swift */; };
		C6649A5E2A38FF9C00D068F7 /* MovieListViewModel.swift in Sources */ = {isa = PBXBuildFile; fileRef = C6649A5D2A38FF9C00D068F7 /* MovieListViewModel.swift */; };
		C6649A612A39008B00D068F7 /* BaseViewController.swift in Sources */ = {isa = PBXBuildFile; fileRef = C6649A602A39008B00D068F7 /* BaseViewController.swift */; };
		C6649A682A3907ED00D068F7 /* MovieListCell.swift in Sources */ = {isa = PBXBuildFile; fileRef = C6649A662A3907ED00D068F7 /* MovieListCell.swift */; };
		C6649A692A3907ED00D068F7 /* MovieListCell.xib in Resources */ = {isa = PBXBuildFile; fileRef = C6649A672A3907ED00D068F7 /* MovieListCell.xib */; };
		C6649A6C2A39183200D068F7 /* NSObject+Extensions.swift in Sources */ = {isa = PBXBuildFile; fileRef = C6649A6B2A39183200D068F7 /* NSObject+Extensions.swift */; };
		C6649A6F2A392D3700D068F7 /* MovieDetailViewController.swift in Sources */ = {isa = PBXBuildFile; fileRef = C6649A6D2A392D3700D068F7 /* MovieDetailViewController.swift */; };
		C6649A702A392D3700D068F7 /* MovieDetailViewController.xib in Resources */ = {isa = PBXBuildFile; fileRef = C6649A6E2A392D3700D068F7 /* MovieDetailViewController.xib */; };
		C6649A722A392D4800D068F7 /* MovieDetailViewModel.swift in Sources */ = {isa = PBXBuildFile; fileRef = C6649A712A392D4800D068F7 /* MovieDetailViewModel.swift */; };
		C6649A762A39AD9800D068F7 /* LoadingView.swift in Sources */ = {isa = PBXBuildFile; fileRef = C6649A752A39AD9800D068F7 /* LoadingView.swift */; };
		C6E364852A39FC7A00F187EF /* NetworkAPI.framework in Frameworks */ = {isa = PBXBuildFile; fileRef = C6E364842A39FC7A00F187EF /* NetworkAPI.framework */; };
		C6E364862A39FC7A00F187EF /* NetworkAPI.framework in Embed Frameworks */ = {isa = PBXBuildFile; fileRef = C6E364842A39FC7A00F187EF /* NetworkAPI.framework */; settings = {ATTRIBUTES = (CodeSignOnCopy, RemoveHeadersOnCopy, ); }; };
		C6E364892A3A014400F187EF /* DataSyncHelper.swift in Sources */ = {isa = PBXBuildFile; fileRef = C6E364882A3A014400F187EF /* DataSyncHelper.swift */; };
		C6E3648B2A3A09C500F187EF /* String+Extensions.swift in Sources */ = {isa = PBXBuildFile; fileRef = C6E3648A2A3A09C500F187EF /* String+Extensions.swift */; };
		C6E3648D2A3A09E600F187EF /* Localizable.strings in Resources */ = {isa = PBXBuildFile; fileRef = C6E3648C2A3A09E600F187EF /* Localizable.strings */; };
		D9A8F7C9D871E655CF388DB0 /* Pods_Top250Movies_Top250MoviesUITests.framework in Frameworks */ = {isa = PBXBuildFile; fileRef = 09E490790FD42EBA04A494A4 /* Pods_Top250Movies_Top250MoviesUITests.framework */; };
/* End PBXBuildFile section */

/* Begin PBXContainerItemProxy section */
		C6396D142A3866670024F9F3 /* PBXContainerItemProxy */ = {
			isa = PBXContainerItemProxy;
			containerPortal = C6396CF52A3866650024F9F3 /* Project object */;
			proxyType = 1;
			remoteGlobalIDString = C6396CFC2A3866650024F9F3;
			remoteInfo = Top250Movies;
		};
		C6396D1E2A3866670024F9F3 /* PBXContainerItemProxy */ = {
			isa = PBXContainerItemProxy;
			containerPortal = C6396CF52A3866650024F9F3 /* Project object */;
			proxyType = 1;
			remoteGlobalIDString = C6396CFC2A3866650024F9F3;
			remoteInfo = Top250Movies;
		};
/* End PBXContainerItemProxy section */

/* Begin PBXCopyFilesBuildPhase section */
		C6E364872A39FC7A00F187EF /* Embed Frameworks */ = {
			isa = PBXCopyFilesBuildPhase;
			buildActionMask = 2147483647;
			dstPath = "";
			dstSubfolderSpec = 10;
			files = (
				C6E364862A39FC7A00F187EF /* NetworkAPI.framework in Embed Frameworks */,
			);
			name = "Embed Frameworks";
			runOnlyForDeploymentPostprocessing = 0;
		};
/* End PBXCopyFilesBuildPhase section */

/* Begin PBXFileReference section */
		09E490790FD42EBA04A494A4 /* Pods_Top250Movies_Top250MoviesUITests.framework */ = {isa = PBXFileReference; explicitFileType = wrapper.framework; includeInIndex = 0; path = Pods_Top250Movies_Top250MoviesUITests.framework; sourceTree = BUILT_PRODUCTS_DIR; };
		275B4C46784EB3D2C02D17BE /* Pods-Top250Movies.debug.xcconfig */ = {isa = PBXFileReference; includeInIndex = 1; lastKnownFileType = text.xcconfig; name = "Pods-Top250Movies.debug.xcconfig"; path = "Target Support Files/Pods-Top250Movies/Pods-Top250Movies.debug.xcconfig"; sourceTree = "<group>"; };
		337285513FCD3E3D4DBEDC44 /* Pods_Top250MoviesTests.framework */ = {isa = PBXFileReference; explicitFileType = wrapper.framework; includeInIndex = 0; path = Pods_Top250MoviesTests.framework; sourceTree = BUILT_PRODUCTS_DIR; };
		63B9B163C7B8B02255624119 /* Pods-Top250Movies-Top250MoviesUITests.debug.xcconfig */ = {isa = PBXFileReference; includeInIndex = 1; lastKnownFileType = text.xcconfig; name = "Pods-Top250Movies-Top250MoviesUITests.debug.xcconfig"; path = "Target Support Files/Pods-Top250Movies-Top250MoviesUITests/Pods-Top250Movies-Top250MoviesUITests.debug.xcconfig"; sourceTree = "<group>"; };
		84EE0078F5C00959C8DAD7EE /* Pods-Top250Movies.release.xcconfig */ = {isa = PBXFileReference; includeInIndex = 1; lastKnownFileType = text.xcconfig; name = "Pods-Top250Movies.release.xcconfig"; path = "Target Support Files/Pods-Top250Movies/Pods-Top250Movies.release.xcconfig"; sourceTree = "<group>"; };
		AFB30DD9EE5CA5ECA8DFF2B5 /* Pods-Top250MoviesTests.release.xcconfig */ = {isa = PBXFileReference; includeInIndex = 1; lastKnownFileType = text.xcconfig; name = "Pods-Top250MoviesTests.release.xcconfig"; path = "Target Support Files/Pods-Top250MoviesTests/Pods-Top250MoviesTests.release.xcconfig"; sourceTree = "<group>"; };
		C6396CFD2A3866650024F9F3 /* Top250Movies.app */ = {isa = PBXFileReference; explicitFileType = wrapper.application; includeInIndex = 0; path = Top250Movies.app; sourceTree = BUILT_PRODUCTS_DIR; };
		C6396D002A3866650024F9F3 /* AppDelegate.swift */ = {isa = PBXFileReference; lastKnownFileType = sourcecode.swift; path = AppDelegate.swift; sourceTree = "<group>"; };
		C6396D022A3866650024F9F3 /* SceneDelegate.swift */ = {isa = PBXFileReference; lastKnownFileType = sourcecode.swift; path = SceneDelegate.swift; sourceTree = "<group>"; };
		C6396D092A3866670024F9F3 /* Assets.xcassets */ = {isa = PBXFileReference; lastKnownFileType = folder.assetcatalog; path = Assets.xcassets; sourceTree = "<group>"; };
		C6396D0C2A3866670024F9F3 /* Base */ = {isa = PBXFileReference; lastKnownFileType = file.storyboard; name = Base; path = Base.lproj/LaunchScreen.storyboard; sourceTree = "<group>"; };
		C6396D0E2A3866670024F9F3 /* Info.plist */ = {isa = PBXFileReference; lastKnownFileType = text.plist.xml; path = Info.plist; sourceTree = "<group>"; };
		C6396D132A3866670024F9F3 /* Top250MoviesTests.xctest */ = {isa = PBXFileReference; explicitFileType = wrapper.cfbundle; includeInIndex = 0; path = Top250MoviesTests.xctest; sourceTree = BUILT_PRODUCTS_DIR; };
		C6396D172A3866670024F9F3 /* LocalDBManagerTests.swift */ = {isa = PBXFileReference; lastKnownFileType = sourcecode.swift; path = LocalDBManagerTests.swift; sourceTree = "<group>"; };
		C6396D1D2A3866670024F9F3 /* Top250MoviesUITests.xctest */ = {isa = PBXFileReference; explicitFileType = wrapper.cfbundle; includeInIndex = 0; path = Top250MoviesUITests.xctest; sourceTree = BUILT_PRODUCTS_DIR; };
		C6396D212A3866670024F9F3 /* Top250MoviesUITests.swift */ = {isa = PBXFileReference; lastKnownFileType = sourcecode.swift; path = Top250MoviesUITests.swift; sourceTree = "<group>"; };
		C6396D232A3866670024F9F3 /* Top250MoviesUITestsLaunchTests.swift */ = {isa = PBXFileReference; lastKnownFileType = sourcecode.swift; path = Top250MoviesUITestsLaunchTests.swift; sourceTree = "<group>"; };
		C6396D392A3894C60024F9F3 /* MovieItemForLocal.swift */ = {isa = PBXFileReference; lastKnownFileType = sourcecode.swift; path = MovieItemForLocal.swift; sourceTree = "<group>"; };
		C6396D402A38AFBA0024F9F3 /* LocalDBManager.swift */ = {isa = PBXFileReference; lastKnownFileType = sourcecode.swift; path = LocalDBManager.swift; sourceTree = "<group>"; };
		C6649A5B2A38FF2C00D068F7 /* MovieListViewController.swift */ = {isa = PBXFileReference; lastKnownFileType = sourcecode.swift; path = MovieListViewController.swift; sourceTree = "<group>"; };
		C6649A5D2A38FF9C00D068F7 /* MovieListViewModel.swift */ = {isa = PBXFileReference; lastKnownFileType = sourcecode.swift; path = MovieListViewModel.swift; sourceTree = "<group>"; };
		C6649A602A39008B00D068F7 /* BaseViewController.swift */ = {isa = PBXFileReference; lastKnownFileType = sourcecode.swift; path = BaseViewController.swift; sourceTree = "<group>"; };
		C6649A662A3907ED00D068F7 /* MovieListCell.swift */ = {isa = PBXFileReference; lastKnownFileType = sourcecode.swift; path = MovieListCell.swift; sourceTree = "<group>"; };
		C6649A672A3907ED00D068F7 /* MovieListCell.xib */ = {isa = PBXFileReference; lastKnownFileType = file.xib; path = MovieListCell.xib; sourceTree = "<group>"; };
		C6649A6B2A39183200D068F7 /* NSObject+Extensions.swift */ = {isa = PBXFileReference; lastKnownFileType = sourcecode.swift; path = "NSObject+Extensions.swift"; sourceTree = "<group>"; };
		C6649A6D2A392D3700D068F7 /* MovieDetailViewController.swift */ = {isa = PBXFileReference; lastKnownFileType = sourcecode.swift; path = MovieDetailViewController.swift; sourceTree = "<group>"; };
		C6649A6E2A392D3700D068F7 /* MovieDetailViewController.xib */ = {isa = PBXFileReference; lastKnownFileType = file.xib; path = MovieDetailViewController.xib; sourceTree = "<group>"; };
		C6649A712A392D4800D068F7 /* MovieDetailViewModel.swift */ = {isa = PBXFileReference; lastKnownFileType = sourcecode.swift; path = MovieDetailViewModel.swift; sourceTree = "<group>"; };
		C6649A752A39AD9800D068F7 /* LoadingView.swift */ = {isa = PBXFileReference; lastKnownFileType = sourcecode.swift; path = LoadingView.swift; sourceTree = "<group>"; };
		C6E364842A39FC7A00F187EF /* NetworkAPI.framework */ = {isa = PBXFileReference; explicitFileType = wrapper.framework; path = NetworkAPI.framework; sourceTree = BUILT_PRODUCTS_DIR; };
		C6E364882A3A014400F187EF /* DataSyncHelper.swift */ = {isa = PBXFileReference; lastKnownFileType = sourcecode.swift; path = DataSyncHelper.swift; sourceTree = "<group>"; };
		C6E3648A2A3A09C500F187EF /* String+Extensions.swift */ = {isa = PBXFileReference; lastKnownFileType = sourcecode.swift; path = "String+Extensions.swift"; sourceTree = "<group>"; };
		C6E3648C2A3A09E600F187EF /* Localizable.strings */ = {isa = PBXFileReference; lastKnownFileType = text.plist.strings; path = Localizable.strings; sourceTree = "<group>"; };
		CDC00BA13FC01DCC51A6792E /* Pods_Top250Movies.framework */ = {isa = PBXFileReference; explicitFileType = wrapper.framework; includeInIndex = 0; path = Pods_Top250Movies.framework; sourceTree = BUILT_PRODUCTS_DIR; };
		DD6E625943F89DF7C549E1D5 /* Pods-Top250Movies-Top250MoviesUITests.release.xcconfig */ = {isa = PBXFileReference; includeInIndex = 1; lastKnownFileType = text.xcconfig; name = "Pods-Top250Movies-Top250MoviesUITests.release.xcconfig"; path = "Target Support Files/Pods-Top250Movies-Top250MoviesUITests/Pods-Top250Movies-Top250MoviesUITests.release.xcconfig"; sourceTree = "<group>"; };
		F0D937048835C0A083041D5D /* Pods-Top250MoviesTests.debug.xcconfig */ = {isa = PBXFileReference; includeInIndex = 1; lastKnownFileType = text.xcconfig; name = "Pods-Top250MoviesTests.debug.xcconfig"; path = "Target Support Files/Pods-Top250MoviesTests/Pods-Top250MoviesTests.debug.xcconfig"; sourceTree = "<group>"; };
/* End PBXFileReference section */

/* Begin PBXFrameworksBuildPhase section */
		C6396CFA2A3866650024F9F3 /* Frameworks */ = {
			isa = PBXFrameworksBuildPhase;
			buildActionMask = 2147483647;
			files = (
				C6E364852A39FC7A00F187EF /* NetworkAPI.framework in Frameworks */,
				24828FF19B4C465DEB795D30 /* Pods_Top250Movies.framework in Frameworks */,
			);
			runOnlyForDeploymentPostprocessing = 0;
		};
		C6396D102A3866670024F9F3 /* Frameworks */ = {
			isa = PBXFrameworksBuildPhase;
			buildActionMask = 2147483647;
			files = (
				BA0C30EF1112EEAC67FD74FC /* Pods_Top250MoviesTests.framework in Frameworks */,
			);
			runOnlyForDeploymentPostprocessing = 0;
		};
		C6396D1A2A3866670024F9F3 /* Frameworks */ = {
			isa = PBXFrameworksBuildPhase;
			buildActionMask = 2147483647;
			files = (
				D9A8F7C9D871E655CF388DB0 /* Pods_Top250Movies_Top250MoviesUITests.framework in Frameworks */,
			);
			runOnlyForDeploymentPostprocessing = 0;
		};
/* End PBXFrameworksBuildPhase section */

/* Begin PBXGroup section */
		A83E415EB3653AF3405DBDA4 /* Frameworks */ = {
			isa = PBXGroup;
			children = (
				C6E364842A39FC7A00F187EF /* NetworkAPI.framework */,
				CDC00BA13FC01DCC51A6792E /* Pods_Top250Movies.framework */,
				09E490790FD42EBA04A494A4 /* Pods_Top250Movies_Top250MoviesUITests.framework */,
				337285513FCD3E3D4DBEDC44 /* Pods_Top250MoviesTests.framework */,
			);
			name = Frameworks;
			sourceTree = "<group>";
		};
		B1998D7083920D92130D6ABE /* Pods */ = {
			isa = PBXGroup;
			children = (
				275B4C46784EB3D2C02D17BE /* Pods-Top250Movies.debug.xcconfig */,
				84EE0078F5C00959C8DAD7EE /* Pods-Top250Movies.release.xcconfig */,
				63B9B163C7B8B02255624119 /* Pods-Top250Movies-Top250MoviesUITests.debug.xcconfig */,
				DD6E625943F89DF7C549E1D5 /* Pods-Top250Movies-Top250MoviesUITests.release.xcconfig */,
				F0D937048835C0A083041D5D /* Pods-Top250MoviesTests.debug.xcconfig */,
				AFB30DD9EE5CA5ECA8DFF2B5 /* Pods-Top250MoviesTests.release.xcconfig */,
			);
			path = Pods;
			sourceTree = "<group>";
		};
		C6396CF42A3866650024F9F3 = {
			isa = PBXGroup;
			children = (
				C6396CFF2A3866650024F9F3 /* Top250Movies */,
				C6396D162A3866670024F9F3 /* Top250MoviesTests */,
				C6396D202A3866670024F9F3 /* Top250MoviesUITests */,
				C6396CFE2A3866650024F9F3 /* Products */,
				B1998D7083920D92130D6ABE /* Pods */,
				A83E415EB3653AF3405DBDA4 /* Frameworks */,
			);
			sourceTree = "<group>";
		};
		C6396CFE2A3866650024F9F3 /* Products */ = {
			isa = PBXGroup;
			children = (
				C6396CFD2A3866650024F9F3 /* Top250Movies.app */,
				C6396D132A3866670024F9F3 /* Top250MoviesTests.xctest */,
				C6396D1D2A3866670024F9F3 /* Top250MoviesUITests.xctest */,
			);
			name = Products;
			sourceTree = "<group>";
		};
		C6396CFF2A3866650024F9F3 /* Top250Movies */ = {
			isa = PBXGroup;
			children = (
				C6396D3F2A38AD1E0024F9F3 /* LocalDatabase */,
				C6396D362A3893A20024F9F3 /* Models */,
				C6649A582A38FCBE00D068F7 /* Scenes */,
				C6649A742A39AD8700D068F7 /* Helpers */,
				C6649A6A2A39182500D068F7 /* Extensions */,
				C6649A732A399FD400D068F7 /* SystemFiles */,
			);
			path = Top250Movies;
			sourceTree = "<group>";
		};
		C6396D162A3866670024F9F3 /* Top250MoviesTests */ = {
			isa = PBXGroup;
			children = (
				C6649A792A39E0DA00D068F7 /* LocalDB */,
			);
			path = Top250MoviesTests;
			sourceTree = "<group>";
		};
		C6396D202A3866670024F9F3 /* Top250MoviesUITests */ = {
			isa = PBXGroup;
			children = (
				C6396D212A3866670024F9F3 /* Top250MoviesUITests.swift */,
				C6396D232A3866670024F9F3 /* Top250MoviesUITestsLaunchTests.swift */,
			);
			path = Top250MoviesUITests;
			sourceTree = "<group>";
		};
		C6396D362A3893A20024F9F3 /* Models */ = {
			isa = PBXGroup;
			children = (
				C6396D392A3894C60024F9F3 /* MovieItemForLocal.swift */,
			);
			path = Models;
			sourceTree = "<group>";
		};
		C6396D3F2A38AD1E0024F9F3 /* LocalDatabase */ = {
			isa = PBXGroup;
			children = (
				C6396D402A38AFBA0024F9F3 /* LocalDBManager.swift */,
			);
			path = LocalDatabase;
			sourceTree = "<group>";
		};
		C6649A582A38FCBE00D068F7 /* Scenes */ = {
			isa = PBXGroup;
			children = (
				C6649A592A38FE8000D068F7 /* MovieList */,
				C6649A5A2A38FE9900D068F7 /* MovieDetail */,
			);
			path = Scenes;
			sourceTree = "<group>";
		};
		C6649A592A38FE8000D068F7 /* MovieList */ = {
			isa = PBXGroup;
			children = (
				C6649A5B2A38FF2C00D068F7 /* MovieListViewController.swift */,
				C6649A5D2A38FF9C00D068F7 /* MovieListViewModel.swift */,
				C6649A642A3907C300D068F7 /* Cells */,
			);
			path = MovieList;
			sourceTree = "<group>";
		};
		C6649A5A2A38FE9900D068F7 /* MovieDetail */ = {
			isa = PBXGroup;
			children = (
				C6649A6E2A392D3700D068F7 /* MovieDetailViewController.xib */,
				C6649A6D2A392D3700D068F7 /* MovieDetailViewController.swift */,
				C6649A712A392D4800D068F7 /* MovieDetailViewModel.swift */,
			);
			path = MovieDetail;
			sourceTree = "<group>";
		};
		C6649A642A3907C300D068F7 /* Cells */ = {
			isa = PBXGroup;
			children = (
				C6649A652A3907D000D068F7 /* MovieListCell */,
			);
			path = Cells;
			sourceTree = "<group>";
		};
		C6649A652A3907D000D068F7 /* MovieListCell */ = {
			isa = PBXGroup;
			children = (
				C6649A662A3907ED00D068F7 /* MovieListCell.swift */,
				C6649A672A3907ED00D068F7 /* MovieListCell.xib */,
			);
			path = MovieListCell;
			sourceTree = "<group>";
		};
		C6649A6A2A39182500D068F7 /* Extensions */ = {
			isa = PBXGroup;
			children = (
				C6649A6B2A39183200D068F7 /* NSObject+Extensions.swift */,
				C6E3648A2A3A09C500F187EF /* String+Extensions.swift */,
			);
			path = Extensions;
			sourceTree = "<group>";
		};
		C6649A732A399FD400D068F7 /* SystemFiles */ = {
			isa = PBXGroup;
			children = (
				C6396D092A3866670024F9F3 /* Assets.xcassets */,
				C6396D0B2A3866670024F9F3 /* LaunchScreen.storyboard */,
				C6396D002A3866650024F9F3 /* AppDelegate.swift */,
				C6396D022A3866650024F9F3 /* SceneDelegate.swift */,
				C6396D0E2A3866670024F9F3 /* Info.plist */,
				C6E3648C2A3A09E600F187EF /* Localizable.strings */,
			);
			path = SystemFiles;
			sourceTree = "<group>";
		};
		C6649A742A39AD8700D068F7 /* Helpers */ = {
			isa = PBXGroup;
			children = (
				C6649A602A39008B00D068F7 /* BaseViewController.swift */,
				C6649A752A39AD9800D068F7 /* LoadingView.swift */,
				C6E364882A3A014400F187EF /* DataSyncHelper.swift */,
			);
			path = Helpers;
			sourceTree = "<group>";
		};
		C6649A792A39E0DA00D068F7 /* LocalDB */ = {
			isa = PBXGroup;
			children = (
				C6396D172A3866670024F9F3 /* LocalDBManagerTests.swift */,
			);
			path = LocalDB;
			sourceTree = "<group>";
		};
/* End PBXGroup section */

/* Begin PBXNativeTarget section */
		C6396CFC2A3866650024F9F3 /* Top250Movies */ = {
			isa = PBXNativeTarget;
			buildConfigurationList = C6396D272A3866670024F9F3 /* Build configuration list for PBXNativeTarget "Top250Movies" */;
			buildPhases = (
				A669E2F8C50DD286AEC3BC33 /* [CP] Check Pods Manifest.lock */,
				C6396CF92A3866650024F9F3 /* Sources */,
				C6396CFA2A3866650024F9F3 /* Frameworks */,
				C6396CFB2A3866650024F9F3 /* Resources */,
				3558C9ECC44FC0A9658446BF /* [CP] Embed Pods Frameworks */,
				C6E364872A39FC7A00F187EF /* Embed Frameworks */,
			);
			buildRules = (
			);
			dependencies = (
			);
			name = Top250Movies;
			productName = Top250Movies;
			productReference = C6396CFD2A3866650024F9F3 /* Top250Movies.app */;
			productType = "com.apple.product-type.application";
		};
		C6396D122A3866670024F9F3 /* Top250MoviesTests */ = {
			isa = PBXNativeTarget;
			buildConfigurationList = C6396D2A2A3866670024F9F3 /* Build configuration list for PBXNativeTarget "Top250MoviesTests" */;
			buildPhases = (
				373B8FDA1692DCF77B601703 /* [CP] Check Pods Manifest.lock */,
				C6396D0F2A3866670024F9F3 /* Sources */,
				C6396D102A3866670024F9F3 /* Frameworks */,
				C6396D112A3866670024F9F3 /* Resources */,
			);
			buildRules = (
			);
			dependencies = (
				C6396D152A3866670024F9F3 /* PBXTargetDependency */,
			);
			name = Top250MoviesTests;
			productName = Top250MoviesTests;
			productReference = C6396D132A3866670024F9F3 /* Top250MoviesTests.xctest */;
			productType = "com.apple.product-type.bundle.unit-test";
		};
		C6396D1C2A3866670024F9F3 /* Top250MoviesUITests */ = {
			isa = PBXNativeTarget;
			buildConfigurationList = C6396D2D2A3866670024F9F3 /* Build configuration list for PBXNativeTarget "Top250MoviesUITests" */;
			buildPhases = (
				99CF9A746C4DAF1FE9155EBE /* [CP] Check Pods Manifest.lock */,
				C6396D192A3866670024F9F3 /* Sources */,
				C6396D1A2A3866670024F9F3 /* Frameworks */,
				C6396D1B2A3866670024F9F3 /* Resources */,
				7965FDE45F4916918F1275E1 /* [CP] Embed Pods Frameworks */,
			);
			buildRules = (
			);
			dependencies = (
				C6396D1F2A3866670024F9F3 /* PBXTargetDependency */,
			);
			name = Top250MoviesUITests;
			productName = Top250MoviesUITests;
			productReference = C6396D1D2A3866670024F9F3 /* Top250MoviesUITests.xctest */;
			productType = "com.apple.product-type.bundle.ui-testing";
		};
/* End PBXNativeTarget section */

/* Begin PBXProject section */
		C6396CF52A3866650024F9F3 /* Project object */ = {
			isa = PBXProject;
			attributes = {
				BuildIndependentTargetsInParallel = 1;
				LastSwiftUpdateCheck = 1420;
				LastUpgradeCheck = 1420;
				TargetAttributes = {
					C6396CFC2A3866650024F9F3 = {
						CreatedOnToolsVersion = 14.2;
					};
					C6396D122A3866670024F9F3 = {
						CreatedOnToolsVersion = 14.2;
						TestTargetID = C6396CFC2A3866650024F9F3;
					};
					C6396D1C2A3866670024F9F3 = {
						CreatedOnToolsVersion = 14.2;
						TestTargetID = C6396CFC2A3866650024F9F3;
					};
				};
			};
			buildConfigurationList = C6396CF82A3866650024F9F3 /* Build configuration list for PBXProject "Top250Movies" */;
			compatibilityVersion = "Xcode 14.0";
			developmentRegion = en;
			hasScannedForEncodings = 0;
			knownRegions = (
				en,
				Base,
			);
			mainGroup = C6396CF42A3866650024F9F3;
			productRefGroup = C6396CFE2A3866650024F9F3 /* Products */;
			projectDirPath = "";
			projectRoot = "";
			targets = (
				C6396CFC2A3866650024F9F3 /* Top250Movies */,
				C6396D122A3866670024F9F3 /* Top250MoviesTests */,
				C6396D1C2A3866670024F9F3 /* Top250MoviesUITests */,
			);
		};
/* End PBXProject section */

/* Begin PBXResourcesBuildPhase section */
		C6396CFB2A3866650024F9F3 /* Resources */ = {
			isa = PBXResourcesBuildPhase;
			buildActionMask = 2147483647;
			files = (
				C6E3648D2A3A09E600F187EF /* Localizable.strings in Resources */,
				C6649A702A392D3700D068F7 /* MovieDetailViewController.xib in Resources */,
				C6396D0D2A3866670024F9F3 /* LaunchScreen.storyboard in Resources */,
				C6396D0A2A3866670024F9F3 /* Assets.xcassets in Resources */,
				C6649A692A3907ED00D068F7 /* MovieListCell.xib in Resources */,
			);
			runOnlyForDeploymentPostprocessing = 0;
		};
		C6396D112A3866670024F9F3 /* Resources */ = {
			isa = PBXResourcesBuildPhase;
			buildActionMask = 2147483647;
			files = (
			);
			runOnlyForDeploymentPostprocessing = 0;
		};
		C6396D1B2A3866670024F9F3 /* Resources */ = {
			isa = PBXResourcesBuildPhase;
			buildActionMask = 2147483647;
			files = (
			);
			runOnlyForDeploymentPostprocessing = 0;
		};
/* End PBXResourcesBuildPhase section */

/* Begin PBXShellScriptBuildPhase section */
		3558C9ECC44FC0A9658446BF /* [CP] Embed Pods Frameworks */ = {
			isa = PBXShellScriptBuildPhase;
			buildActionMask = 2147483647;
			files = (
			);
			inputFileListPaths = (
				"${PODS_ROOT}/Target Support Files/Pods-Top250Movies/Pods-Top250Movies-frameworks-${CONFIGURATION}-input-files.xcfilelist",
			);
			name = "[CP] Embed Pods Frameworks";
			outputFileListPaths = (
				"${PODS_ROOT}/Target Support Files/Pods-Top250Movies/Pods-Top250Movies-frameworks-${CONFIGURATION}-output-files.xcfilelist",
			);
			runOnlyForDeploymentPostprocessing = 0;
			shellPath = /bin/sh;
			shellScript = "\"${PODS_ROOT}/Target Support Files/Pods-Top250Movies/Pods-Top250Movies-frameworks.sh\"\n";
			showEnvVarsInLog = 0;
		};
		373B8FDA1692DCF77B601703 /* [CP] Check Pods Manifest.lock */ = {
			isa = PBXShellScriptBuildPhase;
			buildActionMask = 2147483647;
			files = (
			);
			inputFileListPaths = (
			);
			inputPaths = (
				"${PODS_PODFILE_DIR_PATH}/Podfile.lock",
				"${PODS_ROOT}/Manifest.lock",
			);
			name = "[CP] Check Pods Manifest.lock";
			outputFileListPaths = (
			);
			outputPaths = (
				"$(DERIVED_FILE_DIR)/Pods-Top250MoviesTests-checkManifestLockResult.txt",
			);
			runOnlyForDeploymentPostprocessing = 0;
			shellPath = /bin/sh;
			shellScript = "diff \"${PODS_PODFILE_DIR_PATH}/Podfile.lock\" \"${PODS_ROOT}/Manifest.lock\" > /dev/null\nif [ $? != 0 ] ; then\n    # print error to STDERR\n    echo \"error: The sandbox is not in sync with the Podfile.lock. Run 'pod install' or update your CocoaPods installation.\" >&2\n    exit 1\nfi\n# This output is used by Xcode 'outputs' to avoid re-running this script phase.\necho \"SUCCESS\" > \"${SCRIPT_OUTPUT_FILE_0}\"\n";
			showEnvVarsInLog = 0;
		};
		7965FDE45F4916918F1275E1 /* [CP] Embed Pods Frameworks */ = {
			isa = PBXShellScriptBuildPhase;
			buildActionMask = 2147483647;
			files = (
			);
			inputFileListPaths = (
				"${PODS_ROOT}/Target Support Files/Pods-Top250Movies-Top250MoviesUITests/Pods-Top250Movies-Top250MoviesUITests-frameworks-${CONFIGURATION}-input-files.xcfilelist",
			);
			name = "[CP] Embed Pods Frameworks";
			outputFileListPaths = (
				"${PODS_ROOT}/Target Support Files/Pods-Top250Movies-Top250MoviesUITests/Pods-Top250Movies-Top250MoviesUITests-frameworks-${CONFIGURATION}-output-files.xcfilelist",
			);
			runOnlyForDeploymentPostprocessing = 0;
			shellPath = /bin/sh;
			shellScript = "\"${PODS_ROOT}/Target Support Files/Pods-Top250Movies-Top250MoviesUITests/Pods-Top250Movies-Top250MoviesUITests-frameworks.sh\"\n";
			showEnvVarsInLog = 0;
		};
		99CF9A746C4DAF1FE9155EBE /* [CP] Check Pods Manifest.lock */ = {
			isa = PBXShellScriptBuildPhase;
			buildActionMask = 2147483647;
			files = (
			);
			inputFileListPaths = (
			);
			inputPaths = (
				"${PODS_PODFILE_DIR_PATH}/Podfile.lock",
				"${PODS_ROOT}/Manifest.lock",
			);
			name = "[CP] Check Pods Manifest.lock";
			outputFileListPaths = (
			);
			outputPaths = (
				"$(DERIVED_FILE_DIR)/Pods-Top250Movies-Top250MoviesUITests-checkManifestLockResult.txt",
			);
			runOnlyForDeploymentPostprocessing = 0;
			shellPath = /bin/sh;
			shellScript = "diff \"${PODS_PODFILE_DIR_PATH}/Podfile.lock\" \"${PODS_ROOT}/Manifest.lock\" > /dev/null\nif [ $? != 0 ] ; then\n    # print error to STDERR\n    echo \"error: The sandbox is not in sync with the Podfile.lock. Run 'pod install' or update your CocoaPods installation.\" >&2\n    exit 1\nfi\n# This output is used by Xcode 'outputs' to avoid re-running this script phase.\necho \"SUCCESS\" > \"${SCRIPT_OUTPUT_FILE_0}\"\n";
			showEnvVarsInLog = 0;
		};
		A669E2F8C50DD286AEC3BC33 /* [CP] Check Pods Manifest.lock */ = {
			isa = PBXShellScriptBuildPhase;
			buildActionMask = 2147483647;
			files = (
			);
			inputFileListPaths = (
			);
			inputPaths = (
				"${PODS_PODFILE_DIR_PATH}/Podfile.lock",
				"${PODS_ROOT}/Manifest.lock",
			);
			name = "[CP] Check Pods Manifest.lock";
			outputFileListPaths = (
			);
			outputPaths = (
				"$(DERIVED_FILE_DIR)/Pods-Top250Movies-checkManifestLockResult.txt",
			);
			runOnlyForDeploymentPostprocessing = 0;
			shellPath = /bin/sh;
			shellScript = "diff \"${PODS_PODFILE_DIR_PATH}/Podfile.lock\" \"${PODS_ROOT}/Manifest.lock\" > /dev/null\nif [ $? != 0 ] ; then\n    # print error to STDERR\n    echo \"error: The sandbox is not in sync with the Podfile.lock. Run 'pod install' or update your CocoaPods installation.\" >&2\n    exit 1\nfi\n# This output is used by Xcode 'outputs' to avoid re-running this script phase.\necho \"SUCCESS\" > \"${SCRIPT_OUTPUT_FILE_0}\"\n";
			showEnvVarsInLog = 0;
		};
/* End PBXShellScriptBuildPhase section */

/* Begin PBXSourcesBuildPhase section */
		C6396CF92A3866650024F9F3 /* Sources */ = {
			isa = PBXSourcesBuildPhase;
			buildActionMask = 2147483647;
			files = (
				C6396D3A2A3894C60024F9F3 /* MovieItemForLocal.swift in Sources */,
				C6649A6F2A392D3700D068F7 /* MovieDetailViewController.swift in Sources */,
				C6649A682A3907ED00D068F7 /* MovieListCell.swift in Sources */,
				C6649A762A39AD9800D068F7 /* LoadingView.swift in Sources */,
				C6649A722A392D4800D068F7 /* MovieDetailViewModel.swift in Sources */,
				C6E364892A3A014400F187EF /* DataSyncHelper.swift in Sources */,
				C6649A612A39008B00D068F7 /* BaseViewController.swift in Sources */,
				C6396D412A38AFBA0024F9F3 /* LocalDBManager.swift in Sources */,
				C6E3648B2A3A09C500F187EF /* String+Extensions.swift in Sources */,
				C6649A6C2A39183200D068F7 /* NSObject+Extensions.swift in Sources */,
				C6649A5C2A38FF2C00D068F7 /* MovieListViewController.swift in Sources */,
				C6396D012A3866650024F9F3 /* AppDelegate.swift in Sources */,
				C6396D032A3866650024F9F3 /* SceneDelegate.swift in Sources */,
				C6649A5E2A38FF9C00D068F7 /* MovieListViewModel.swift in Sources */,
			);
			runOnlyForDeploymentPostprocessing = 0;
		};
		C6396D0F2A3866670024F9F3 /* Sources */ = {
			isa = PBXSourcesBuildPhase;
			buildActionMask = 2147483647;
			files = (
				C6396D182A3866670024F9F3 /* LocalDBManagerTests.swift in Sources */,
			);
			runOnlyForDeploymentPostprocessing = 0;
		};
		C6396D192A3866670024F9F3 /* Sources */ = {
			isa = PBXSourcesBuildPhase;
			buildActionMask = 2147483647;
			files = (
				C6396D222A3866670024F9F3 /* Top250MoviesUITests.swift in Sources */,
				C6396D242A3866670024F9F3 /* Top250MoviesUITestsLaunchTests.swift in Sources */,
			);
			runOnlyForDeploymentPostprocessing = 0;
		};
/* End PBXSourcesBuildPhase section */

/* Begin PBXTargetDependency section */
		C6396D152A3866670024F9F3 /* PBXTargetDependency */ = {
			isa = PBXTargetDependency;
			target = C6396CFC2A3866650024F9F3 /* Top250Movies */;
			targetProxy = C6396D142A3866670024F9F3 /* PBXContainerItemProxy */;
		};
		C6396D1F2A3866670024F9F3 /* PBXTargetDependency */ = {
			isa = PBXTargetDependency;
			target = C6396CFC2A3866650024F9F3 /* Top250Movies */;
			targetProxy = C6396D1E2A3866670024F9F3 /* PBXContainerItemProxy */;
		};
/* End PBXTargetDependency section */

/* Begin PBXVariantGroup section */
		C6396D0B2A3866670024F9F3 /* LaunchScreen.storyboard */ = {
			isa = PBXVariantGroup;
			children = (
				C6396D0C2A3866670024F9F3 /* Base */,
			);
			name = LaunchScreen.storyboard;
			sourceTree = "<group>";
		};
/* End PBXVariantGroup section */

/* Begin XCBuildConfiguration section */
		C6396D252A3866670024F9F3 /* Debug */ = {
			isa = XCBuildConfiguration;
			buildSettings = {
				ALWAYS_SEARCH_USER_PATHS = NO;
				CLANG_ANALYZER_NONNULL = YES;
				CLANG_ANALYZER_NUMBER_OBJECT_CONVERSION = YES_AGGRESSIVE;
				CLANG_CXX_LANGUAGE_STANDARD = "gnu++20";
				CLANG_ENABLE_MODULES = YES;
				CLANG_ENABLE_OBJC_ARC = YES;
				CLANG_ENABLE_OBJC_WEAK = YES;
				CLANG_WARN_BLOCK_CAPTURE_AUTORELEASING = YES;
				CLANG_WARN_BOOL_CONVERSION = YES;
				CLANG_WARN_COMMA = YES;
				CLANG_WARN_CONSTANT_CONVERSION = YES;
				CLANG_WARN_DEPRECATED_OBJC_IMPLEMENTATIONS = YES;
				CLANG_WARN_DIRECT_OBJC_ISA_USAGE = YES_ERROR;
				CLANG_WARN_DOCUMENTATION_COMMENTS = YES;
				CLANG_WARN_EMPTY_BODY = YES;
				CLANG_WARN_ENUM_CONVERSION = YES;
				CLANG_WARN_INFINITE_RECURSION = YES;
				CLANG_WARN_INT_CONVERSION = YES;
				CLANG_WARN_NON_LITERAL_NULL_CONVERSION = YES;
				CLANG_WARN_OBJC_IMPLICIT_RETAIN_SELF = YES;
				CLANG_WARN_OBJC_LITERAL_CONVERSION = YES;
				CLANG_WARN_OBJC_ROOT_CLASS = YES_ERROR;
				CLANG_WARN_QUOTED_INCLUDE_IN_FRAMEWORK_HEADER = YES;
				CLANG_WARN_RANGE_LOOP_ANALYSIS = YES;
				CLANG_WARN_STRICT_PROTOTYPES = YES;
				CLANG_WARN_SUSPICIOUS_MOVE = YES;
				CLANG_WARN_UNGUARDED_AVAILABILITY = YES_AGGRESSIVE;
				CLANG_WARN_UNREACHABLE_CODE = YES;
				CLANG_WARN__DUPLICATE_METHOD_MATCH = YES;
				COPY_PHASE_STRIP = NO;
				DEBUG_INFORMATION_FORMAT = dwarf;
				ENABLE_STRICT_OBJC_MSGSEND = YES;
				ENABLE_TESTABILITY = YES;
				GCC_C_LANGUAGE_STANDARD = gnu11;
				GCC_DYNAMIC_NO_PIC = NO;
				GCC_NO_COMMON_BLOCKS = YES;
				GCC_OPTIMIZATION_LEVEL = 0;
				GCC_PREPROCESSOR_DEFINITIONS = (
					"DEBUG=1",
					"$(inherited)",
				);
				GCC_WARN_64_TO_32_BIT_CONVERSION = YES;
				GCC_WARN_ABOUT_RETURN_TYPE = YES_ERROR;
				GCC_WARN_UNDECLARED_SELECTOR = YES;
				GCC_WARN_UNINITIALIZED_AUTOS = YES_AGGRESSIVE;
				GCC_WARN_UNUSED_FUNCTION = YES;
				GCC_WARN_UNUSED_VARIABLE = YES;
				IPHONEOS_DEPLOYMENT_TARGET = 16.2;
				MTL_ENABLE_DEBUG_INFO = INCLUDE_SOURCE;
				MTL_FAST_MATH = YES;
				ONLY_ACTIVE_ARCH = YES;
				SDKROOT = iphoneos;
				SWIFT_ACTIVE_COMPILATION_CONDITIONS = DEBUG;
				SWIFT_OPTIMIZATION_LEVEL = "-Onone";
			};
			name = Debug;
		};
		C6396D262A3866670024F9F3 /* Release */ = {
			isa = XCBuildConfiguration;
			buildSettings = {
				ALWAYS_SEARCH_USER_PATHS = NO;
				CLANG_ANALYZER_NONNULL = YES;
				CLANG_ANALYZER_NUMBER_OBJECT_CONVERSION = YES_AGGRESSIVE;
				CLANG_CXX_LANGUAGE_STANDARD = "gnu++20";
				CLANG_ENABLE_MODULES = YES;
				CLANG_ENABLE_OBJC_ARC = YES;
				CLANG_ENABLE_OBJC_WEAK = YES;
				CLANG_WARN_BLOCK_CAPTURE_AUTORELEASING = YES;
				CLANG_WARN_BOOL_CONVERSION = YES;
				CLANG_WARN_COMMA = YES;
				CLANG_WARN_CONSTANT_CONVERSION = YES;
				CLANG_WARN_DEPRECATED_OBJC_IMPLEMENTATIONS = YES;
				CLANG_WARN_DIRECT_OBJC_ISA_USAGE = YES_ERROR;
				CLANG_WARN_DOCUMENTATION_COMMENTS = YES;
				CLANG_WARN_EMPTY_BODY = YES;
				CLANG_WARN_ENUM_CONVERSION = YES;
				CLANG_WARN_INFINITE_RECURSION = YES;
				CLANG_WARN_INT_CONVERSION = YES;
				CLANG_WARN_NON_LITERAL_NULL_CONVERSION = YES;
				CLANG_WARN_OBJC_IMPLICIT_RETAIN_SELF = YES;
				CLANG_WARN_OBJC_LITERAL_CONVERSION = YES;
				CLANG_WARN_OBJC_ROOT_CLASS = YES_ERROR;
				CLANG_WARN_QUOTED_INCLUDE_IN_FRAMEWORK_HEADER = YES;
				CLANG_WARN_RANGE_LOOP_ANALYSIS = YES;
				CLANG_WARN_STRICT_PROTOTYPES = YES;
				CLANG_WARN_SUSPICIOUS_MOVE = YES;
				CLANG_WARN_UNGUARDED_AVAILABILITY = YES_AGGRESSIVE;
				CLANG_WARN_UNREACHABLE_CODE = YES;
				CLANG_WARN__DUPLICATE_METHOD_MATCH = YES;
				COPY_PHASE_STRIP = NO;
				DEBUG_INFORMATION_FORMAT = "dwarf-with-dsym";
				ENABLE_NS_ASSERTIONS = NO;
				ENABLE_STRICT_OBJC_MSGSEND = YES;
				GCC_C_LANGUAGE_STANDARD = gnu11;
				GCC_NO_COMMON_BLOCKS = YES;
				GCC_WARN_64_TO_32_BIT_CONVERSION = YES;
				GCC_WARN_ABOUT_RETURN_TYPE = YES_ERROR;
				GCC_WARN_UNDECLARED_SELECTOR = YES;
				GCC_WARN_UNINITIALIZED_AUTOS = YES_AGGRESSIVE;
				GCC_WARN_UNUSED_FUNCTION = YES;
				GCC_WARN_UNUSED_VARIABLE = YES;
				IPHONEOS_DEPLOYMENT_TARGET = 16.2;
				MTL_ENABLE_DEBUG_INFO = NO;
				MTL_FAST_MATH = YES;
				SDKROOT = iphoneos;
				SWIFT_COMPILATION_MODE = wholemodule;
				SWIFT_OPTIMIZATION_LEVEL = "-O";
				VALIDATE_PRODUCT = YES;
			};
			name = Release;
		};
		C6396D282A3866670024F9F3 /* Debug */ = {
			isa = XCBuildConfiguration;
			baseConfigurationReference = 275B4C46784EB3D2C02D17BE /* Pods-Top250Movies.debug.xcconfig */;
			buildSettings = {
				ASSETCATALOG_COMPILER_APPICON_NAME = AppIcon;
				ASSETCATALOG_COMPILER_GLOBAL_ACCENT_COLOR_NAME = AccentColor;
				CODE_SIGN_STYLE = Automatic;
				CURRENT_PROJECT_VERSION = 1;
				DEVELOPMENT_TEAM = 59ARBLJ99D;
				GENERATE_INFOPLIST_FILE = YES;
				INFOPLIST_FILE = Top250Movies/SystemFiles/Info.plist;
				INFOPLIST_KEY_UIApplicationSupportsIndirectInputEvents = YES;
				INFOPLIST_KEY_UILaunchStoryboardName = LaunchScreen;
				INFOPLIST_KEY_UISupportedInterfaceOrientations_iPad = "UIInterfaceOrientationPortrait UIInterfaceOrientationPortraitUpsideDown UIInterfaceOrientationLandscapeLeft UIInterfaceOrientationLandscapeRight";
				INFOPLIST_KEY_UISupportedInterfaceOrientations_iPhone = "UIInterfaceOrientationPortrait UIInterfaceOrientationLandscapeLeft UIInterfaceOrientationLandscapeRight";
				LD_RUNPATH_SEARCH_PATHS = (
					"$(inherited)",
					"@executable_path/Frameworks",
				);
				MARKETING_VERSION = 1.0;
				PRODUCT_BUNDLE_IDENTIFIER = defineX.Top250Movies;
				PRODUCT_NAME = "$(TARGET_NAME)";
				SWIFT_EMIT_LOC_STRINGS = YES;
				SWIFT_VERSION = 5.0;
				TARGETED_DEVICE_FAMILY = "1,2";
			};
			name = Debug;
		};
		C6396D292A3866670024F9F3 /* Release */ = {
			isa = XCBuildConfiguration;
			baseConfigurationReference = 84EE0078F5C00959C8DAD7EE /* Pods-Top250Movies.release.xcconfig */;
			buildSettings = {
				ASSETCATALOG_COMPILER_APPICON_NAME = AppIcon;
				ASSETCATALOG_COMPILER_GLOBAL_ACCENT_COLOR_NAME = AccentColor;
				CODE_SIGN_STYLE = Automatic;
				CURRENT_PROJECT_VERSION = 1;
				DEVELOPMENT_TEAM = 59ARBLJ99D;
				GENERATE_INFOPLIST_FILE = YES;
				INFOPLIST_FILE = Top250Movies/SystemFiles/Info.plist;
				INFOPLIST_KEY_UIApplicationSupportsIndirectInputEvents = YES;
				INFOPLIST_KEY_UILaunchStoryboardName = LaunchScreen;
				INFOPLIST_KEY_UISupportedInterfaceOrientations_iPad = "UIInterfaceOrientationPortrait UIInterfaceOrientationPortraitUpsideDown UIInterfaceOrientationLandscapeLeft UIInterfaceOrientationLandscapeRight";
				INFOPLIST_KEY_UISupportedInterfaceOrientations_iPhone = "UIInterfaceOrientationPortrait UIInterfaceOrientationLandscapeLeft UIInterfaceOrientationLandscapeRight";
				LD_RUNPATH_SEARCH_PATHS = (
					"$(inherited)",
					"@executable_path/Frameworks",
				);
				MARKETING_VERSION = 1.0;
				PRODUCT_BUNDLE_IDENTIFIER = defineX.Top250Movies;
				PRODUCT_NAME = "$(TARGET_NAME)";
				SWIFT_EMIT_LOC_STRINGS = YES;
				SWIFT_VERSION = 5.0;
				TARGETED_DEVICE_FAMILY = "1,2";
			};
			name = Release;
		};
		C6396D2B2A3866670024F9F3 /* Debug */ = {
			isa = XCBuildConfiguration;
			baseConfigurationReference = F0D937048835C0A083041D5D /* Pods-Top250MoviesTests.debug.xcconfig */;
			buildSettings = {
				ALWAYS_EMBED_SWIFT_STANDARD_LIBRARIES = YES;
				BUNDLE_LOADER = "$(TEST_HOST)";
				CODE_SIGN_STYLE = Automatic;
				CURRENT_PROJECT_VERSION = 1;
				DEVELOPMENT_TEAM = 59ARBLJ99D;
				GENERATE_INFOPLIST_FILE = YES;
				IPHONEOS_DEPLOYMENT_TARGET = 16.2;
				MARKETING_VERSION = 1.0;
				PRODUCT_BUNDLE_IDENTIFIER = defineX.Top250MoviesTests;
				PRODUCT_NAME = "$(TARGET_NAME)";
				SWIFT_EMIT_LOC_STRINGS = NO;
				SWIFT_VERSION = 5.0;
				TARGETED_DEVICE_FAMILY = "1,2";
				TEST_HOST = "$(BUILT_PRODUCTS_DIR)/Top250Movies.app/$(BUNDLE_EXECUTABLE_FOLDER_PATH)/Top250Movies";
			};
			name = Debug;
		};
		C6396D2C2A3866670024F9F3 /* Release */ = {
			isa = XCBuildConfiguration;
			baseConfigurationReference = AFB30DD9EE5CA5ECA8DFF2B5 /* Pods-Top250MoviesTests.release.xcconfig */;
			buildSettings = {
				ALWAYS_EMBED_SWIFT_STANDARD_LIBRARIES = YES;
				BUNDLE_LOADER = "$(TEST_HOST)";
				CODE_SIGN_STYLE = Automatic;
				CURRENT_PROJECT_VERSION = 1;
				DEVELOPMENT_TEAM = 59ARBLJ99D;
				GENERATE_INFOPLIST_FILE = YES;
				IPHONEOS_DEPLOYMENT_TARGET = 16.2;
				MARKETING_VERSION = 1.0;
				PRODUCT_BUNDLE_IDENTIFIER = defineX.Top250MoviesTests;
				PRODUCT_NAME = "$(TARGET_NAME)";
				SWIFT_EMIT_LOC_STRINGS = NO;
				SWIFT_VERSION = 5.0;
				TARGETED_DEVICE_FAMILY = "1,2";
				TEST_HOST = "$(BUILT_PRODUCTS_DIR)/Top250Movies.app/$(BUNDLE_EXECUTABLE_FOLDER_PATH)/Top250Movies";
			};
			name = Release;
		};
		C6396D2E2A3866670024F9F3 /* Debug */ = {
			isa = XCBuildConfiguration;
			baseConfigurationReference = 63B9B163C7B8B02255624119 /* Pods-Top250Movies-Top250MoviesUITests.debug.xcconfig */;
			buildSettings = {
				ALWAYS_EMBED_SWIFT_STANDARD_LIBRARIES = YES;
				CODE_SIGN_STYLE = Automatic;
				CURRENT_PROJECT_VERSION = 1;
				DEVELOPMENT_TEAM = 59ARBLJ99D;
				GENERATE_INFOPLIST_FILE = YES;
				MARKETING_VERSION = 1.0;
				PRODUCT_BUNDLE_IDENTIFIER = defineX.Top250MoviesUITests;
				PRODUCT_NAME = "$(TARGET_NAME)";
				SWIFT_EMIT_LOC_STRINGS = NO;
				SWIFT_VERSION = 5.0;
				TARGETED_DEVICE_FAMILY = "1,2";
				TEST_TARGET_NAME = Top250Movies;
			};
			name = Debug;
		};
		C6396D2F2A3866670024F9F3 /* Release */ = {
			isa = XCBuildConfiguration;
			baseConfigurationReference = DD6E625943F89DF7C549E1D5 /* Pods-Top250Movies-Top250MoviesUITests.release.xcconfig */;
			buildSettings = {
				ALWAYS_EMBED_SWIFT_STANDARD_LIBRARIES = YES;
				CODE_SIGN_STYLE = Automatic;
				CURRENT_PROJECT_VERSION = 1;
				DEVELOPMENT_TEAM = 59ARBLJ99D;
				GENERATE_INFOPLIST_FILE = YES;
				MARKETING_VERSION = 1.0;
				PRODUCT_BUNDLE_IDENTIFIER = defineX.Top250MoviesUITests;
				PRODUCT_NAME = "$(TARGET_NAME)";
				SWIFT_EMIT_LOC_STRINGS = NO;
				SWIFT_VERSION = 5.0;
				TARGETED_DEVICE_FAMILY = "1,2";
				TEST_TARGET_NAME = Top250Movies;
			};
			name = Release;
		};
/* End XCBuildConfiguration section */

/* Begin XCConfigurationList section */
		C6396CF82A3866650024F9F3 /* Build configuration list for PBXProject "Top250Movies" */ = {
			isa = XCConfigurationList;
			buildConfigurations = (
				C6396D252A3866670024F9F3 /* Debug */,
				C6396D262A3866670024F9F3 /* Release */,
			);
			defaultConfigurationIsVisible = 0;
			defaultConfigurationName = Release;
		};
		C6396D272A3866670024F9F3 /* Build configuration list for PBXNativeTarget "Top250Movies" */ = {
			isa = XCConfigurationList;
			buildConfigurations = (
				C6396D282A3866670024F9F3 /* Debug */,
				C6396D292A3866670024F9F3 /* Release */,
			);
			defaultConfigurationIsVisible = 0;
			defaultConfigurationName = Release;
		};
		C6396D2A2A3866670024F9F3 /* Build configuration list for PBXNativeTarget "Top250MoviesTests" */ = {
			isa = XCConfigurationList;
			buildConfigurations = (
				C6396D2B2A3866670024F9F3 /* Debug */,
				C6396D2C2A3866670024F9F3 /* Release */,
			);
			defaultConfigurationIsVisible = 0;
			defaultConfigurationName = Release;
		};
		C6396D2D2A3866670024F9F3 /* Build configuration list for PBXNativeTarget "Top250MoviesUITests" */ = {
			isa = XCConfigurationList;
			buildConfigurations = (
				C6396D2E2A3866670024F9F3 /* Debug */,
				C6396D2F2A3866670024F9F3 /* Release */,
			);
			defaultConfigurationIsVisible = 0;
			defaultConfigurationName = Release;
		};
/* End XCConfigurationList section */
	};
	rootObject = C6396CF52A3866650024F9F3 /* Project object */;
}
