// !$*UTF8*$!
{
	archiveVersion = 1;
	classes = {
	};
	objectVersion = 56;
	objects = {

/* Begin PBXBuildFile section */
		C6396D012A3866650024F9F3 /* AppDelegate.swift in Sources */ = {isa = PBXBuildFile; fileRef = C6396D002A3866650024F9F3 /* AppDelegate.swift */; };
		C6396D032A3866650024F9F3 /* SceneDelegate.swift in Sources */ = {isa = PBXBuildFile; fileRef = C6396D022A3866650024F9F3 /* SceneDelegate.swift */; };
		C6396D052A3866650024F9F3 /* ViewController.swift in Sources */ = {isa = PBXBuildFile; fileRef = C6396D042A3866650024F9F3 /* ViewController.swift */; };
		C6396D082A3866650024F9F3 /* Main.storyboard in Resources */ = {isa = PBXBuildFile; fileRef = C6396D062A3866650024F9F3 /* Main.storyboard */; };
		C6396D0A2A3866670024F9F3 /* Assets.xcassets in Resources */ = {isa = PBXBuildFile; fileRef = C6396D092A3866670024F9F3 /* Assets.xcassets */; };
		C6396D0D2A3866670024F9F3 /* LaunchScreen.storyboard in Resources */ = {isa = PBXBuildFile; fileRef = C6396D0B2A3866670024F9F3 /* LaunchScreen.storyboard */; };
		C6396D182A3866670024F9F3 /* Top250MoviesTests.swift in Sources */ = {isa = PBXBuildFile; fileRef = C6396D172A3866670024F9F3 /* Top250MoviesTests.swift */; };
		C6396D222A3866670024F9F3 /* Top250MoviesUITests.swift in Sources */ = {isa = PBXBuildFile; fileRef = C6396D212A3866670024F9F3 /* Top250MoviesUITests.swift */; };
		C6396D242A3866670024F9F3 /* Top250MoviesUITestsLaunchTests.swift in Sources */ = {isa = PBXBuildFile; fileRef = C6396D232A3866670024F9F3 /* Top250MoviesUITestsLaunchTests.swift */; };
/* End PBXBuildFile section */

/* Begin PBXContainerItemProxy section */
		C6396D142A3866670024F9F3 /* PBXContainerItemProxy */ = {
			isa = PBXContainerItemProxy;
			containerPortal = C6396CF52A3866650024F9F3 /* Project object */;
			proxyType = 1;
			remoteGlobalIDString = C6396CFC2A3866650024F9F3;
			remoteInfo = Top250Movies;
		};
		C6396D1E2A3866670024F9F3 /* PBXContainerItemProxy */ = {
			isa = PBXContainerItemProxy;
			containerPortal = C6396CF52A3866650024F9F3 /* Project object */;
			proxyType = 1;
			remoteGlobalIDString = C6396CFC2A3866650024F9F3;
			remoteInfo = Top250Movies;
		};
/* End PBXContainerItemProxy section */

/* Begin PBXFileReference section */
		C6396CFD2A3866650024F9F3 /* Top250Movies.app */ = {isa = PBXFileReference; explicitFileType = wrapper.application; includeInIndex = 0; path = Top250Movies.app; sourceTree = BUILT_PRODUCTS_DIR; };
		C6396D002A3866650024F9F3 /* AppDelegate.swift */ = {isa = PBXFileReference; lastKnownFileType = sourcecode.swift; path = AppDelegate.swift; sourceTree = "<group>"; };
		C6396D022A3866650024F9F3 /* SceneDelegate.swift */ = {isa = PBXFileReference; lastKnownFileType = sourcecode.swift; path = SceneDelegate.swift; sourceTree = "<group>"; };
		C6396D042A3866650024F9F3 /* ViewController.swift */ = {isa = PBXFileReference; lastKnownFileType = sourcecode.swift; path = ViewController.swift; sourceTree = "<group>"; };
		C6396D072A3866650024F9F3 /* Base */ = {isa = PBXFileReference; lastKnownFileType = file.storyboard; name = Base; path = Base.lproj/Main.storyboard; sourceTree = "<group>"; };
		C6396D092A3866670024F9F3 /* Assets.xcassets */ = {isa = PBXFileReference; lastKnownFileType = folder.assetcatalog; path = Assets.xcassets; sourceTree = "<group>"; };
		C6396D0C2A3866670024F9F3 /* Base */ = {isa = PBXFileReference; lastKnownFileType = file.storyboard; name = Base; path = Base.lproj/LaunchScreen.storyboard; sourceTree = "<group>"; };
		C6396D0E2A3866670024F9F3 /* Info.plist */ = {isa = PBXFileReference; lastKnownFileType = text.plist.xml; path = Info.plist; sourceTree = "<group>"; };
		C6396D132A3866670024F9F3 /* Top250MoviesTests.xctest */ = {isa = PBXFileReference; explicitFileType = wrapper.cfbundle; includeInIndex = 0; path = Top250MoviesTests.xctest; sourceTree = BUILT_PRODUCTS_DIR; };
		C6396D172A3866670024F9F3 /* Top250MoviesTests.swift */ = {isa = PBXFileReference; lastKnownFileType = sourcecode.swift; path = Top250MoviesTests.swift; sourceTree = "<group>"; };
		C6396D1D2A3866670024F9F3 /* Top250MoviesUITests.xctest */ = {isa = PBXFileReference; explicitFileType = wrapper.cfbundle; includeInIndex = 0; path = Top250MoviesUITests.xctest; sourceTree = BUILT_PRODUCTS_DIR; };
		C6396D212A3866670024F9F3 /* Top250MoviesUITests.swift */ = {isa = PBXFileReference; lastKnownFileType = sourcecode.swift; path = Top250MoviesUITests.swift; sourceTree = "<group>"; };
		C6396D232A3866670024F9F3 /* Top250MoviesUITestsLaunchTests.swift */ = {isa = PBXFileReference; lastKnownFileType = sourcecode.swift; path = Top250MoviesUITestsLaunchTests.swift; sourceTree = "<group>"; };
/* End PBXFileReference section */

/* Begin PBXFrameworksBuildPhase section */
		C6396CFA2A3866650024F9F3 /* Frameworks */ = {
			isa = PBXFrameworksBuildPhase;
			buildActionMask = 2147483647;
			files = (
			);
			runOnlyForDeploymentPostprocessing = 0;
		};
		C6396D102A3866670024F9F3 /* Frameworks */ = {
			isa = PBXFrameworksBuildPhase;
			buildActionMask = 2147483647;
			files = (
			);
			runOnlyForDeploymentPostprocessing = 0;
		};
		C6396D1A2A3866670024F9F3 /* Frameworks */ = {
			isa = PBXFrameworksBuildPhase;
			buildActionMask = 2147483647;
			files = (
			);
			runOnlyForDeploymentPostprocessing = 0;
		};
/* End PBXFrameworksBuildPhase section */

/* Begin PBXGroup section */
		C6396CF42A3866650024F9F3 = {
			isa = PBXGroup;
			children = (
				C6396CFF2A3866650024F9F3 /* Top250Movies */,
				C6396D162A3866670024F9F3 /* Top250MoviesTests */,
				C6396D202A3866670024F9F3 /* Top250MoviesUITests */,
				C6396CFE2A3866650024F9F3 /* Products */,
			);
			sourceTree = "<group>";
		};
		C6396CFE2A3866650024F9F3 /* Products */ = {
			isa = PBXGroup;
			children = (
				C6396CFD2A3866650024F9F3 /* Top250Movies.app */,
				C6396D132A3866670024F9F3 /* Top250MoviesTests.xctest */,
				C6396D1D2A3866670024F9F3 /* Top250MoviesUITests.xctest */,
			);
			name = Products;
			sourceTree = "<group>";
		};
		C6396CFF2A3866650024F9F3 /* Top250Movies */ = {
			isa = PBXGroup;
			children = (
				C6396D002A3866650024F9F3 /* AppDelegate.swift */,
				C6396D022A3866650024F9F3 /* SceneDelegate.swift */,
				C6396D042A3866650024F9F3 /* ViewController.swift */,
				C6396D062A3866650024F9F3 /* Main.storyboard */,
				C6396D092A3866670024F9F3 /* Assets.xcassets */,
				C6396D0B2A3866670024F9F3 /* LaunchScreen.storyboard */,
				C6396D0E2A3866670024F9F3 /* Info.plist */,
			);
			path = Top250Movies;
			sourceTree = "<group>";
		};
		C6396D162A3866670024F9F3 /* Top250MoviesTests */ = {
			isa = PBXGroup;
			children = (
				C6396D172A3866670024F9F3 /* Top250MoviesTests.swift */,
			);
			path = Top250MoviesTests;
			sourceTree = "<group>";
		};
		C6396D202A3866670024F9F3 /* Top250MoviesUITests */ = {
			isa = PBXGroup;
			children = (
				C6396D212A3866670024F9F3 /* Top250MoviesUITests.swift */,
				C6396D232A3866670024F9F3 /* Top250MoviesUITestsLaunchTests.swift */,
			);
			path = Top250MoviesUITests;
			sourceTree = "<group>";
		};
/* End PBXGroup section */

/* Begin PBXNativeTarget section */
		C6396CFC2A3866650024F9F3 /* Top250Movies */ = {
			isa = PBXNativeTarget;
			buildConfigurationList = C6396D272A3866670024F9F3 /* Build configuration list for PBXNativeTarget "Top250Movies" */;
			buildPhases = (
				C6396CF92A3866650024F9F3 /* Sources */,
				C6396CFA2A3866650024F9F3 /* Frameworks */,
				C6396CFB2A3866650024F9F3 /* Resources */,
			);
			buildRules = (
			);
			dependencies = (
			);
			name = Top250Movies;
			productName = Top250Movies;
			productReference = C6396CFD2A3866650024F9F3 /* Top250Movies.app */;
			productType = "com.apple.product-type.application";
		};
		C6396D122A3866670024F9F3 /* Top250MoviesTests */ = {
			isa = PBXNativeTarget;
			buildConfigurationList = C6396D2A2A3866670024F9F3 /* Build configuration list for PBXNativeTarget "Top250MoviesTests" */;
			buildPhases = (
				C6396D0F2A3866670024F9F3 /* Sources */,
				C6396D102A3866670024F9F3 /* Frameworks */,
				C6396D112A3866670024F9F3 /* Resources */,
			);
			buildRules = (
			);
			dependencies = (
				C6396D152A3866670024F9F3 /* PBXTargetDependency */,
			);
			name = Top250MoviesTests;
			productName = Top250MoviesTests;
			productReference = C6396D132A3866670024F9F3 /* Top250MoviesTests.xctest */;
			productType = "com.apple.product-type.bundle.unit-test";
		};
		C6396D1C2A3866670024F9F3 /* Top250MoviesUITests */ = {
			isa = PBXNativeTarget;
			buildConfigurationList = C6396D2D2A3866670024F9F3 /* Build configuration list for PBXNativeTarget "Top250MoviesUITests" */;
			buildPhases = (
				C6396D192A3866670024F9F3 /* Sources */,
				C6396D1A2A3866670024F9F3 /* Frameworks */,
				C6396D1B2A3866670024F9F3 /* Resources */,
			);
			buildRules = (
			);
			dependencies = (
				C6396D1F2A3866670024F9F3 /* PBXTargetDependency */,
			);
			name = Top250MoviesUITests;
			productName = Top250MoviesUITests;
			productReference = C6396D1D2A3866670024F9F3 /* Top250MoviesUITests.xctest */;
			productType = "com.apple.product-type.bundle.ui-testing";
		};
/* End PBXNativeTarget section */

/* Begin PBXProject section */
		C6396CF52A3866650024F9F3 /* Project object */ = {
			isa = PBXProject;
			attributes = {
				BuildIndependentTargetsInParallel = 1;
				LastSwiftUpdateCheck = 1420;
				LastUpgradeCheck = 1420;
				TargetAttributes = {
					C6396CFC2A3866650024F9F3 = {
						CreatedOnToolsVersion = 14.2;
					};
					C6396D122A3866670024F9F3 = {
						CreatedOnToolsVersion = 14.2;
						TestTargetID = C6396CFC2A3866650024F9F3;
					};
					C6396D1C2A3866670024F9F3 = {
						CreatedOnToolsVersion = 14.2;
						TestTargetID = C6396CFC2A3866650024F9F3;
					};
				};
			};
			buildConfigurationList = C6396CF82A3866650024F9F3 /* Build configuration list for PBXProject "Top250Movies" */;
			compatibilityVersion = "Xcode 14.0";
			developmentRegion = en;
			hasScannedForEncodings = 0;
			knownRegions = (
				en,
				Base,
			);
			mainGroup = C6396CF42A3866650024F9F3;
			productRefGroup = C6396CFE2A3866650024F9F3 /* Products */;
			projectDirPath = "";
			projectRoot = "";
			targets = (
				C6396CFC2A3866650024F9F3 /* Top250Movies */,
				C6396D122A3866670024F9F3 /* Top250MoviesTests */,
				C6396D1C2A3866670024F9F3 /* Top250MoviesUITests */,
			);
		};
/* End PBXProject section */

/* Begin PBXResourcesBuildPhase section */
		C6396CFB2A3866650024F9F3 /* Resources */ = {
			isa = PBXResourcesBuildPhase;
			buildActionMask = 2147483647;
			files = (
				C6396D0D2A3866670024F9F3 /* LaunchScreen.storyboard in Resources */,
				C6396D0A2A3866670024F9F3 /* Assets.xcassets in Resources */,
				C6396D082A3866650024F9F3 /* Main.storyboard in Resources */,
			);
			runOnlyForDeploymentPostprocessing = 0;
		};
		C6396D112A3866670024F9F3 /* Resources */ = {
			isa = PBXResourcesBuildPhase;
			buildActionMask = 2147483647;
			files = (
			);
			runOnlyForDeploymentPostprocessing = 0;
		};
		C6396D1B2A3866670024F9F3 /* Resources */ = {
			isa = PBXResourcesBuildPhase;
			buildActionMask = 2147483647;
			files = (
			);
			runOnlyForDeploymentPostprocessing = 0;
		};
/* End PBXResourcesBuildPhase section */

/* Begin PBXSourcesBuildPhase section */
		C6396CF92A3866650024F9F3 /* Sources */ = {
			isa = PBXSourcesBuildPhase;
			buildActionMask = 2147483647;
			files = (
				C6396D052A3866650024F9F3 /* ViewController.swift in Sources */,
				C6396D012A3866650024F9F3 /* AppDelegate.swift in Sources */,
				C6396D032A3866650024F9F3 /* SceneDelegate.swift in Sources */,
			);
			runOnlyForDeploymentPostprocessing = 0;
		};
		C6396D0F2A3866670024F9F3 /* Sources */ = {
			isa = PBXSourcesBuildPhase;
			buildActionMask = 2147483647;
			files = (
				C6396D182A3866670024F9F3 /* Top250MoviesTests.swift in Sources */,
			);
			runOnlyForDeploymentPostprocessing = 0;
		};
		C6396D192A3866670024F9F3 /* Sources */ = {
			isa = PBXSourcesBuildPhase;
			buildActionMask = 2147483647;
			files = (
				C6396D222A3866670024F9F3 /* Top250MoviesUITests.swift in Sources */,
				C6396D242A3866670024F9F3 /* Top250MoviesUITestsLaunchTests.swift in Sources */,
			);
			runOnlyForDeploymentPostprocessing = 0;
		};
/* End PBXSourcesBuildPhase section */

/* Begin PBXTargetDependency section */
		C6396D152A3866670024F9F3 /* PBXTargetDependency */ = {
			isa = PBXTargetDependency;
			target = C6396CFC2A3866650024F9F3 /* Top250Movies */;
			targetProxy = C6396D142A3866670024F9F3 /* PBXContainerItemProxy */;
		};
		C6396D1F2A3866670024F9F3 /* PBXTargetDependency */ = {
			isa = PBXTargetDependency;
			target = C6396CFC2A3866650024F9F3 /* Top250Movies */;
			targetProxy = C6396D1E2A3866670024F9F3 /* PBXContainerItemProxy */;
		};
/* End PBXTargetDependency section */

/* Begin PBXVariantGroup section */
		C6396D062A3866650024F9F3 /* Main.storyboard */ = {
			isa = PBXVariantGroup;
			children = (
				C6396D072A3866650024F9F3 /* Base */,
			);
			name = Main.storyboard;
			sourceTree = "<group>";
		};
		C6396D0B2A3866670024F9F3 /* LaunchScreen.storyboard */ = {
			isa = PBXVariantGroup;
			children = (
				C6396D0C2A3866670024F9F3 /* Base */,
			);
			name = LaunchScreen.storyboard;
			sourceTree = "<group>";
		};
/* End PBXVariantGroup section */

/* Begin XCBuildConfiguration section */
		C6396D252A3866670024F9F3 /* Debug */ = {
			isa = XCBuildConfiguration;
			buildSettings = {
				ALWAYS_SEARCH_USER_PATHS = NO;
				CLANG_ANALYZER_NONNULL = YES;
				CLANG_ANALYZER_NUMBER_OBJECT_CONVERSION = YES_AGGRESSIVE;
				CLANG_CXX_LANGUAGE_STANDARD = "gnu++20";
				CLANG_ENABLE_MODULES = YES;
				CLANG_ENABLE_OBJC_ARC = YES;
				CLANG_ENABLE_OBJC_WEAK = YES;
				CLANG_WARN_BLOCK_CAPTURE_AUTORELEASING = YES;
				CLANG_WARN_BOOL_CONVERSION = YES;
				CLANG_WARN_COMMA = YES;
				CLANG_WARN_CONSTANT_CONVERSION = YES;
				CLANG_WARN_DEPRECATED_OBJC_IMPLEMENTATIONS = YES;
				CLANG_WARN_DIRECT_OBJC_ISA_USAGE = YES_ERROR;
				CLANG_WARN_DOCUMENTATION_COMMENTS = YES;
				CLANG_WARN_EMPTY_BODY = YES;
				CLANG_WARN_ENUM_CONVERSION = YES;
				CLANG_WARN_INFINITE_RECURSION = YES;
				CLANG_WARN_INT_CONVERSION = YES;
				CLANG_WARN_NON_LITERAL_NULL_CONVERSION = YES;
				CLANG_WARN_OBJC_IMPLICIT_RETAIN_SELF = YES;
				CLANG_WARN_OBJC_LITERAL_CONVERSION = YES;
				CLANG_WARN_OBJC_ROOT_CLASS = YES_ERROR;
				CLANG_WARN_QUOTED_INCLUDE_IN_FRAMEWORK_HEADER = YES;
				CLANG_WARN_RANGE_LOOP_ANALYSIS = YES;
				CLANG_WARN_STRICT_PROTOTYPES = YES;
				CLANG_WARN_SUSPICIOUS_MOVE = YES;
				CLANG_WARN_UNGUARDED_AVAILABILITY = YES_AGGRESSIVE;
				CLANG_WARN_UNREACHABLE_CODE = YES;
				CLANG_WARN__DUPLICATE_METHOD_MATCH = YES;
				COPY_PHASE_STRIP = NO;
				DEBUG_INFORMATION_FORMAT = dwarf;
				ENABLE_STRICT_OBJC_MSGSEND = YES;
				ENABLE_TESTABILITY = YES;
				GCC_C_LANGUAGE_STANDARD = gnu11;
				GCC_DYNAMIC_NO_PIC = NO;
				GCC_NO_COMMON_BLOCKS = YES;
				GCC_OPTIMIZATION_LEVEL = 0;
				GCC_PREPROCESSOR_DEFINITIONS = (
					"DEBUG=1",
					"$(inherited)",
				);
				GCC_WARN_64_TO_32_BIT_CONVERSION = YES;
				GCC_WARN_ABOUT_RETURN_TYPE = YES_ERROR;
				GCC_WARN_UNDECLARED_SELECTOR = YES;
				GCC_WARN_UNINITIALIZED_AUTOS = YES_AGGRESSIVE;
				GCC_WARN_UNUSED_FUNCTION = YES;
				GCC_WARN_UNUSED_VARIABLE = YES;
				IPHONEOS_DEPLOYMENT_TARGET = 16.2;
				MTL_ENABLE_DEBUG_INFO = INCLUDE_SOURCE;
				MTL_FAST_MATH = YES;
				ONLY_ACTIVE_ARCH = YES;
				SDKROOT = iphoneos;
				SWIFT_ACTIVE_COMPILATION_CONDITIONS = DEBUG;
				SWIFT_OPTIMIZATION_LEVEL = "-Onone";
			};
			name = Debug;
		};
		C6396D262A3866670024F9F3 /* Release */ = {
			isa = XCBuildConfiguration;
			buildSettings = {
				ALWAYS_SEARCH_USER_PATHS = NO;
				CLANG_ANALYZER_NONNULL = YES;
				CLANG_ANALYZER_NUMBER_OBJECT_CONVERSION = YES_AGGRESSIVE;
				CLANG_CXX_LANGUAGE_STANDARD = "gnu++20";
				CLANG_ENABLE_MODULES = YES;
				CLANG_ENABLE_OBJC_ARC = YES;
				CLANG_ENABLE_OBJC_WEAK = YES;
				CLANG_WARN_BLOCK_CAPTURE_AUTORELEASING = YES;
				CLANG_WARN_BOOL_CONVERSION = YES;
				CLANG_WARN_COMMA = YES;
				CLANG_WARN_CONSTANT_CONVERSION = YES;
				CLANG_WARN_DEPRECATED_OBJC_IMPLEMENTATIONS = YES;
				CLANG_WARN_DIRECT_OBJC_ISA_USAGE = YES_ERROR;
				CLANG_WARN_DOCUMENTATION_COMMENTS = YES;
				CLANG_WARN_EMPTY_BODY = YES;
				CLANG_WARN_ENUM_CONVERSION = YES;
				CLANG_WARN_INFINITE_RECURSION = YES;
				CLANG_WARN_INT_CONVERSION = YES;
				CLANG_WARN_NON_LITERAL_NULL_CONVERSION = YES;
				CLANG_WARN_OBJC_IMPLICIT_RETAIN_SELF = YES;
				CLANG_WARN_OBJC_LITERAL_CONVERSION = YES;
				CLANG_WARN_OBJC_ROOT_CLASS = YES_ERROR;
				CLANG_WARN_QUOTED_INCLUDE_IN_FRAMEWORK_HEADER = YES;
				CLANG_WARN_RANGE_LOOP_ANALYSIS = YES;
				CLANG_WARN_STRICT_PROTOTYPES = YES;
				CLANG_WARN_SUSPICIOUS_MOVE = YES;
				CLANG_WARN_UNGUARDED_AVAILABILITY = YES_AGGRESSIVE;
				CLANG_WARN_UNREACHABLE_CODE = YES;
				CLANG_WARN__DUPLICATE_METHOD_MATCH = YES;
				COPY_PHASE_STRIP = NO;
				DEBUG_INFORMATION_FORMAT = "dwarf-with-dsym";
				ENABLE_NS_ASSERTIONS = NO;
				ENABLE_STRICT_OBJC_MSGSEND = YES;
				GCC_C_LANGUAGE_STANDARD = gnu11;
				GCC_NO_COMMON_BLOCKS = YES;
				GCC_WARN_64_TO_32_BIT_CONVERSION = YES;
				GCC_WARN_ABOUT_RETURN_TYPE = YES_ERROR;
				GCC_WARN_UNDECLARED_SELECTOR = YES;
				GCC_WARN_UNINITIALIZED_AUTOS = YES_AGGRESSIVE;
				GCC_WARN_UNUSED_FUNCTION = YES;
				GCC_WARN_UNUSED_VARIABLE = YES;
				IPHONEOS_DEPLOYMENT_TARGET = 16.2;
				MTL_ENABLE_DEBUG_INFO = NO;
				MTL_FAST_MATH = YES;
				SDKROOT = iphoneos;
				SWIFT_COMPILATION_MODE = wholemodule;
				SWIFT_OPTIMIZATION_LEVEL = "-O";
				VALIDATE_PRODUCT = YES;
			};
			name = Release;
		};
		C6396D282A3866670024F9F3 /* Debug */ = {
			isa = XCBuildConfiguration;
			buildSettings = {
				ASSETCATALOG_COMPILER_APPICON_NAME = AppIcon;
				ASSETCATALOG_COMPILER_GLOBAL_ACCENT_COLOR_NAME = AccentColor;
				CODE_SIGN_STYLE = Automatic;
				CURRENT_PROJECT_VERSION = 1;
				DEVELOPMENT_TEAM = 59ARBLJ99D;
				GENERATE_INFOPLIST_FILE = YES;
				INFOPLIST_FILE = Top250Movies/Info.plist;
				INFOPLIST_KEY_UIApplicationSupportsIndirectInputEvents = YES;
				INFOPLIST_KEY_UILaunchStoryboardName = LaunchScreen;
				INFOPLIST_KEY_UIMainStoryboardFile = Main;
				INFOPLIST_KEY_UISupportedInterfaceOrientations_iPad = "UIInterfaceOrientationPortrait UIInterfaceOrientationPortraitUpsideDown UIInterfaceOrientationLandscapeLeft UIInterfaceOrientationLandscapeRight";
				INFOPLIST_KEY_UISupportedInterfaceOrientations_iPhone = "UIInterfaceOrientationPortrait UIInterfaceOrientationLandscapeLeft UIInterfaceOrientationLandscapeRight";
				LD_RUNPATH_SEARCH_PATHS = (
					"$(inherited)",
					"@executable_path/Frameworks",
				);
				MARKETING_VERSION = 1.0;
				PRODUCT_BUNDLE_IDENTIFIER = defineX.Top250Movies;
				PRODUCT_NAME = "$(TARGET_NAME)";
				SWIFT_EMIT_LOC_STRINGS = YES;
				SWIFT_VERSION = 5.0;
				TARGETED_DEVICE_FAMILY = "1,2";
			};
			name = Debug;
		};
		C6396D292A3866670024F9F3 /* Release */ = {
			isa = XCBuildConfiguration;
			buildSettings = {
				ASSETCATALOG_COMPILER_APPICON_NAME = AppIcon;
				ASSETCATALOG_COMPILER_GLOBAL_ACCENT_COLOR_NAME = AccentColor;
				CODE_SIGN_STYLE = Automatic;
				CURRENT_PROJECT_VERSION = 1;
				DEVELOPMENT_TEAM = 59ARBLJ99D;
				GENERATE_INFOPLIST_FILE = YES;
				INFOPLIST_FILE = Top250Movies/Info.plist;
				INFOPLIST_KEY_UIApplicationSupportsIndirectInputEvents = YES;
				INFOPLIST_KEY_UILaunchStoryboardName = LaunchScreen;
				INFOPLIST_KEY_UIMainStoryboardFile = Main;
				INFOPLIST_KEY_UISupportedInterfaceOrientations_iPad = "UIInterfaceOrientationPortrait UIInterfaceOrientationPortraitUpsideDown UIInterfaceOrientationLandscapeLeft UIInterfaceOrientationLandscapeRight";
				INFOPLIST_KEY_UISupportedInterfaceOrientations_iPhone = "UIInterfaceOrientationPortrait UIInterfaceOrientationLandscapeLeft UIInterfaceOrientationLandscapeRight";
				LD_RUNPATH_SEARCH_PATHS = (
					"$(inherited)",
					"@executable_path/Frameworks",
				);
				MARKETING_VERSION = 1.0;
				PRODUCT_BUNDLE_IDENTIFIER = defineX.Top250Movies;
				PRODUCT_NAME = "$(TARGET_NAME)";
				SWIFT_EMIT_LOC_STRINGS = YES;
				SWIFT_VERSION = 5.0;
				TARGETED_DEVICE_FAMILY = "1,2";
			};
			name = Release;
		};
		C6396D2B2A3866670024F9F3 /* Debug */ = {
			isa = XCBuildConfiguration;
			buildSettings = {
				ALWAYS_EMBED_SWIFT_STANDARD_LIBRARIES = YES;
				BUNDLE_LOADER = "$(TEST_HOST)";
				CODE_SIGN_STYLE = Automatic;
				CURRENT_PROJECT_VERSION = 1;
				DEVELOPMENT_TEAM = 59ARBLJ99D;
				GENERATE_INFOPLIST_FILE = YES;
				IPHONEOS_DEPLOYMENT_TARGET = 16.2;
				MARKETING_VERSION = 1.0;
				PRODUCT_BUNDLE_IDENTIFIER = defineX.Top250MoviesTests;
				PRODUCT_NAME = "$(TARGET_NAME)";
				SWIFT_EMIT_LOC_STRINGS = NO;
				SWIFT_VERSION = 5.0;
				TARGETED_DEVICE_FAMILY = "1,2";
				TEST_HOST = "$(BUILT_PRODUCTS_DIR)/Top250Movies.app/$(BUNDLE_EXECUTABLE_FOLDER_PATH)/Top250Movies";
			};
			name = Debug;
		};
		C6396D2C2A3866670024F9F3 /* Release */ = {
			isa = XCBuildConfiguration;
			buildSettings = {
				ALWAYS_EMBED_SWIFT_STANDARD_LIBRARIES = YES;
				BUNDLE_LOADER = "$(TEST_HOST)";
				CODE_SIGN_STYLE = Automatic;
				CURRENT_PROJECT_VERSION = 1;
				DEVELOPMENT_TEAM = 59ARBLJ99D;
				GENERATE_INFOPLIST_FILE = YES;
				IPHONEOS_DEPLOYMENT_TARGET = 16.2;
				MARKETING_VERSION = 1.0;
				PRODUCT_BUNDLE_IDENTIFIER = defineX.Top250MoviesTests;
				PRODUCT_NAME = "$(TARGET_NAME)";
				SWIFT_EMIT_LOC_STRINGS = NO;
				SWIFT_VERSION = 5.0;
				TARGETED_DEVICE_FAMILY = "1,2";
				TEST_HOST = "$(BUILT_PRODUCTS_DIR)/Top250Movies.app/$(BUNDLE_EXECUTABLE_FOLDER_PATH)/Top250Movies";
			};
			name = Release;
		};
		C6396D2E2A3866670024F9F3 /* Debug */ = {
			isa = XCBuildConfiguration;
			buildSettings = {
				ALWAYS_EMBED_SWIFT_STANDARD_LIBRARIES = YES;
				CODE_SIGN_STYLE = Automatic;
				CURRENT_PROJECT_VERSION = 1;
				DEVELOPMENT_TEAM = 59ARBLJ99D;
				GENERATE_INFOPLIST_FILE = YES;
				MARKETING_VERSION = 1.0;
				PRODUCT_BUNDLE_IDENTIFIER = defineX.Top250MoviesUITests;
				PRODUCT_NAME = "$(TARGET_NAME)";
				SWIFT_EMIT_LOC_STRINGS = NO;
				SWIFT_VERSION = 5.0;
				TARGETED_DEVICE_FAMILY = "1,2";
				TEST_TARGET_NAME = Top250Movies;
			};
			name = Debug;
		};
		C6396D2F2A3866670024F9F3 /* Release */ = {
			isa = XCBuildConfiguration;
			buildSettings = {
				ALWAYS_EMBED_SWIFT_STANDARD_LIBRARIES = YES;
				CODE_SIGN_STYLE = Automatic;
				CURRENT_PROJECT_VERSION = 1;
				DEVELOPMENT_TEAM = 59ARBLJ99D;
				GENERATE_INFOPLIST_FILE = YES;
				MARKETING_VERSION = 1.0;
				PRODUCT_BUNDLE_IDENTIFIER = defineX.Top250MoviesUITests;
				PRODUCT_NAME = "$(TARGET_NAME)";
				SWIFT_EMIT_LOC_STRINGS = NO;
				SWIFT_VERSION = 5.0;
				TARGETED_DEVICE_FAMILY = "1,2";
				TEST_TARGET_NAME = Top250Movies;
			};
			name = Release;
		};
/* End XCBuildConfiguration section */

/* Begin XCConfigurationList section */
		C6396CF82A3866650024F9F3 /* Build configuration list for PBXProject "Top250Movies" */ = {
			isa = XCConfigurationList;
			buildConfigurations = (
				C6396D252A3866670024F9F3 /* Debug */,
				C6396D262A3866670024F9F3 /* Release */,
			);
			defaultConfigurationIsVisible = 0;
			defaultConfigurationName = Release;
		};
		C6396D272A3866670024F9F3 /* Build configuration list for PBXNativeTarget "Top250Movies" */ = {
			isa = XCConfigurationList;
			buildConfigurations = (
				C6396D282A3866670024F9F3 /* Debug */,
				C6396D292A3866670024F9F3 /* Release */,
			);
			defaultConfigurationIsVisible = 0;
			defaultConfigurationName = Release;
		};
		C6396D2A2A3866670024F9F3 /* Build configuration list for PBXNativeTarget "Top250MoviesTests" */ = {
			isa = XCConfigurationList;
			buildConfigurations = (
				C6396D2B2A3866670024F9F3 /* Debug */,
				C6396D2C2A3866670024F9F3 /* Release */,
			);
			defaultConfigurationIsVisible = 0;
			defaultConfigurationName = Release;
		};
		C6396D2D2A3866670024F9F3 /* Build configuration list for PBXNativeTarget "Top250MoviesUITests" */ = {
			isa = XCConfigurationList;
			buildConfigurations = (
				C6396D2E2A3866670024F9F3 /* Debug */,
				C6396D2F2A3866670024F9F3 /* Release */,
			);
			defaultConfigurationIsVisible = 0;
			defaultConfigurationName = Release;
		};
/* End XCConfigurationList section */
	};
	rootObject = C6396CF52A3866650024F9F3 /* Project object */;
}
