PODS:
  - Alamofire (5.6.4)
  - Kingfisher (7.8.0)
  - ObjectMapper (4.2.0)
  - Realm (10.40.2):
    - Realm/Headers (= 10.40.2)
  - Realm/Headers (10.40.2)
  - RealmSwift (10.40.2):
    - Realm (= 10.40.2)

DEPENDENCIES:
  - Alamofire
  - Kingfisher (~> 7.0)
  - ObjectMapper
  - RealmSwift

SPEC REPOS:
  trunk:
    - Alamofire
    - Kingfisher
    - ObjectMapper
    - Realm
    - RealmSwift

SPEC CHECKSUMS:
  Alamofire: 4e95d97098eacb88856099c4fc79b526a299e48c
  Kingfisher: 0656e1b064bfc1ca1cd04e033f617a86559696e9
  ObjectMapper: 1eb41f610210777375fa806bf161dc39fb832b81
  Realm: 731e86d9388287b18e36b0beb2493fc4845ce8a2
  RealmSwift: c2a1059ba52e1e08467b1253b1d4ab354ef3177b

PODFILE CHECKSUM: 40487ff220db2f18cc4e281cdb66b1bc28ab5446

COCOAPODS: 1.12.0
